
Microsoft Visual Studio Solution File, Format Version 12.00
# Visual Studio Version 16
VisualStudioVersion = 16.0.30523.141
MinimumVisualStudioVersion = 10.0.40219.1
Project("{FAE04EC0-301F-11D3-BF4B-00C04F79EFBC}") = "WindowsFormsApp14", "WindowsFormsApp14.csproj", "{47250881-0B44-4458-93E2-20A6AAB9F6C7}"
EndProject
Global
	GlobalSection(SolutionConfigurationPlatforms) = preSolution
		Debug|Any CPU = Debug|Any CPU
		Release|Any CPU = Release|Any CPU
	EndGlobalSection
	GlobalSection(ProjectConfigurationPlatforms) = postSolution
		{47250881-0B44-4458-93E2-20A6AAB9F6C7}.Debug|Any CPU.ActiveCfg = Debug|Any CPU
		{47250881-0B44-4458-93E2-20A6AAB9F6C7}.Debug|Any CPU.Build.0 = Debug|Any CPU
		{47250881-0B44-4458-93E2-20A6AAB9F6C7}.Release|Any CPU.ActiveCfg = Release|Any CPU
		{47250881-0B44-4458-93E2-20A6AAB9F6C7}.Release|Any CPU.Build.0 = Release|Any CPU
	EndGlobalSection
	GlobalSection(SolutionProperties) = preSolution
		HideSolutionNode = FALSE
	EndGlobalSection
	GlobalSection(ExtensibilityGlobals) = postSolution
		SolutionGuid = {C985934F-10A5-4785-AC46-2EA759DE295B}
	EndGlobalSection
EndGlobal
